
Microsoft Visual Studio Solution File, Format Version 12.00
# Visual Studio Version 17
VisualStudioVersion = 17.6.33723.286
MinimumVisualStudioVersion = 10.0.40219.1
Project("{FAE04EC0-301F-11D3-BF4B-00C04F79EFBC}") = "DACMiddlewareAPI", "DACMiddlewareAPI\DACMiddlewareAPI.csproj", "{74AEC47A-9B67-4E1A-A109-28CE917AE4BC}"
EndProject
Global
	GlobalSection(SolutionConfigurationPlatforms) = preSolution
		Debug|Any CPU = Debug|Any CPU
		Release|Any CPU = Release|Any CPU
	EndGlobalSection
	GlobalSection(ProjectConfigurationPlatforms) = postSolution
		{74AEC47A-9B67-4E1A-A109-28CE917AE4BC}.Debug|Any CPU.ActiveCfg = Debug|Any CPU
		{74AEC47A-9B67-4E1A-A109-28CE917AE4BC}.Debug|Any CPU.Build.0 = Debug|Any CPU
		{74AEC47A-9B67-4E1A-A109-28CE917AE4BC}.Release|Any CPU.ActiveCfg = Release|Any CPU
		{74AEC47A-9B67-4E1A-A109-28CE917AE4BC}.Release|Any CPU.Build.0 = Release|Any CPU
	EndGlobalSection
	GlobalSection(SolutionProperties) = preSolution
		HideSolutionNode = FALSE
	EndGlobalSection
	GlobalSection(ExtensibilityGlobals) = postSolution
		SolutionGuid = {B1A72404-2109-436A-BFF5-974FB81B8C92}
	EndGlobalSection
EndGlobal
